
Microsoft Visual Studio Solution File, Format Version 12.00
# Visual Studio Version 16
VisualStudioVersion = 16.0.32228.343
MinimumVisualStudioVersion = 10.0.40219.1
Project("{FAE04EC0-301F-11D3-BF4B-00C04F79EFBC}") = "ApiShopp", "ApiShopp.csproj", "{87C1B5C0-F574-4704-B52C-0F9D6C696F7D}"
EndProject
Global
	GlobalSection(SolutionConfigurationPlatforms) = preSolution
		Debug|Any CPU = Debug|Any CPU
		Release|Any CPU = Release|Any CPU
	EndGlobalSection
	GlobalSection(ProjectConfigurationPlatforms) = postSolution
		{87C1B5C0-F574-4704-B52C-0F9D6C696F7D}.Debug|Any CPU.ActiveCfg = Debug|Any CPU
		{87C1B5C0-F574-4704-B52C-0F9D6C696F7D}.Debug|Any CPU.Build.0 = Debug|Any CPU
		{87C1B5C0-F574-4704-B52C-0F9D6C696F7D}.Release|Any CPU.ActiveCfg = Release|Any CPU
		{87C1B5C0-F574-4704-B52C-0F9D6C696F7D}.Release|Any CPU.Build.0 = Release|Any CPU
	EndGlobalSection
	GlobalSection(SolutionProperties) = preSolution
		HideSolutionNode = FALSE
	EndGlobalSection
	GlobalSection(ExtensibilityGlobals) = postSolution
		SolutionGuid = {46F318A4-6F8C-4E45-96A9-EF67F1431B2A}
	EndGlobalSection
EndGlobal
